
Microsoft Visual Studio Solution File, Format Version 12.00
# Visual Studio 2013
VisualStudioVersion = 12.0.21005.1
MinimumVisualStudioVersion = 10.0.40219.1
Project("{8BC9CEB8-8B4A-11D0-8D11-00A0C91BC942}") = "DDALineAlgorithm", "DDALineAlgorithm\DDALineAlgorithm.vcxproj", "{0F61EC7B-F697-412C-92D3-877A1C4ADC8F}"
EndProject
Project("{8BC9CEB8-8B4A-11D0-8D11-00A0C91BC942}") = "CourseCore", "CourseCore\CourseCore.vcxproj", "{73640F6E-4902-4234-914C-49509B88309C}"
EndProject
Project("{8BC9CEB8-8B4A-11D0-8D11-00A0C91BC942}") = "BresenhamLineAlgorithm", "BresenhamLineAlgorithm\BresenhamLineAlgorithm.vcxproj", "{C608AF48-C51B-4D41-9F8C-D9812F11824C}"
EndProject
Project("{8BC9CEB8-8B4A-11D0-8D11-00A0C91BC942}") = "MidpointCircleAlgorithm", "MidpointCircleAlgorithm\MidpointCircleAlgorithm.vcxproj", "{E6B52B6A-99D8-430A-9139-2159A41DFCBB}"
EndProject
Project("{8BC9CEB8-8B4A-11D0-8D11-00A0C91BC942}") = "MidpointEllipseAlgorithm", "MidpointEllipseAlgorithm\MidpointEllipseAlgorithm.vcxproj", "{9BFEE8B0-3B77-4104-941A-57D184DD59F1}"
EndProject
Global
	GlobalSection(SolutionConfigurationPlatforms) = preSolution
		Debug|Win32 = Debug|Win32
		Release|Win32 = Release|Win32
	EndGlobalSection
	GlobalSection(ProjectConfigurationPlatforms) = postSolution
		{0F61EC7B-F697-412C-92D3-877A1C4ADC8F}.Debug|Win32.ActiveCfg = Debug|Win32
		{0F61EC7B-F697-412C-92D3-877A1C4ADC8F}.Debug|Win32.Build.0 = Debug|Win32
		{0F61EC7B-F697-412C-92D3-877A1C4ADC8F}.Release|Win32.ActiveCfg = Release|Win32
		{0F61EC7B-F697-412C-92D3-877A1C4ADC8F}.Release|Win32.Build.0 = Release|Win32
		{73640F6E-4902-4234-914C-49509B88309C}.Debug|Win32.ActiveCfg = Debug|Win32
		{73640F6E-4902-4234-914C-49509B88309C}.Debug|Win32.Build.0 = Debug|Win32
		{73640F6E-4902-4234-914C-49509B88309C}.Release|Win32.ActiveCfg = Release|Win32
		{73640F6E-4902-4234-914C-49509B88309C}.Release|Win32.Build.0 = Release|Win32
		{C608AF48-C51B-4D41-9F8C-D9812F11824C}.Debug|Win32.ActiveCfg = Debug|Win32
		{C608AF48-C51B-4D41-9F8C-D9812F11824C}.Debug|Win32.Build.0 = Debug|Win32
		{C608AF48-C51B-4D41-9F8C-D9812F11824C}.Release|Win32.ActiveCfg = Release|Win32
		{C608AF48-C51B-4D41-9F8C-D9812F11824C}.Release|Win32.Build.0 = Release|Win32
		{E6B52B6A-99D8-430A-9139-2159A41DFCBB}.Debug|Win32.ActiveCfg = Debug|Win32
		{E6B52B6A-99D8-430A-9139-2159A41DFCBB}.Debug|Win32.Build.0 = Debug|Win32
		{E6B52B6A-99D8-430A-9139-2159A41DFCBB}.Release|Win32.ActiveCfg = Release|Win32
		{E6B52B6A-99D8-430A-9139-2159A41DFCBB}.Release|Win32.Build.0 = Release|Win32
		{9BFEE8B0-3B77-4104-941A-57D184DD59F1}.Debug|Win32.ActiveCfg = Debug|Win32
		{9BFEE8B0-3B77-4104-941A-57D184DD59F1}.Debug|Win32.Build.0 = Debug|Win32
		{9BFEE8B0-3B77-4104-941A-57D184DD59F1}.Release|Win32.ActiveCfg = Release|Win32
		{9BFEE8B0-3B77-4104-941A-57D184DD59F1}.Release|Win32.Build.0 = Release|Win32
	EndGlobalSection
	GlobalSection(SolutionProperties) = preSolution
		HideSolutionNode = FALSE
	EndGlobalSection
EndGlobal
